// !$*UTF8*$!
{
	archiveVersion = 1;
	classes = {
	};
	objectVersion = 77;
	objects = {

/* Begin PBXBuildFile section */
		06AA93D22A72E61E3BFF47A3 /* ComparisonTab.swift in Sources */ = {isa = PBXBuildFile; fileRef = F7269BCE76FFF345EB46B6FC /* ComparisonTab.swift */; };
		0907E2E5495B0A693C7A8E0B /* SecurityTab.swift in Sources */ = {isa = PBXBuildFile; fileRef = 3BC219BEF544A5437B69A931 /* SecurityTab.swift */; };
		0ECB2C2C8A2D515B0172097A /* BatteryHealthTab.swift in Sources */ = {isa = PBXBuildFile; fileRef = 777954882EF2F2E320EAE8D5 /* BatteryHealthTab.swift */; };
		10B840D0B91F7FA00CCE4492 /* CPUDetailTab.swift in Sources */ = {isa = PBXBuildFile; fileRef = 94DCDE5F1F67FFA06EFE84CE /* CPUDetailTab.swift */; };
		13DBEC3717E7E6FCF1C13501 /* GPUMetrics.swift in Sources */ = {isa = PBXBuildFile; fileRef = A4B91D7C25CACD16024360A0 /* GPUMetrics.swift */; };
		15720E5BB9CC3C89496BFA97 /* BatteryService.swift in Sources */ = {isa = PBXBuildFile; fileRef = 0E576DFB30E8C90A22445BE6 /* BatteryService.swift */; };
		170257F9C858C4430CDD68A1 /* MemoryDetailTab.swift in Sources */ = {isa = PBXBuildFile; fileRef = 01F88CC35167096A3782027E /* MemoryDetailTab.swift */; };
		17CA5D922266AC890F2FD0A8 /* DockerMonitor.swift in Sources */ = {isa = PBXBuildFile; fileRef = 9B2EC3E2C1037D35EDC4984A /* DockerMonitor.swift */; };
		1F9666E7495A7796159C4490 /* NetworkWidgetView.swift in Sources */ = {isa = PBXBuildFile; fileRef = 2D805FC3425B71E234345FFC /* NetworkWidgetView.swift */; };
		28C382FF94001713F020AD32 /* VersionCheckService.swift in Sources */ = {isa = PBXBuildFile; fileRef = ED2BF4932BF53F8344FD2B0F /* VersionCheckService.swift */; };
		2CB1D77AF4C7724C97F0682A /* CleanupWidgetView.swift in Sources */ = {isa = PBXBuildFile; fileRef = CC3ABCB2D747CDC9E8A09DE9 /* CleanupWidgetView.swift */; };
		2CFBB97BA7FCB8F30237E78A /* StatusBarController.swift in Sources */ = {isa = PBXBuildFile; fileRef = 05842A533A476B7C3BEA18DD /* StatusBarController.swift */; };
		338763D6445200368D26C746 /* Assets.xcassets in Resources */ = {isa = PBXBuildFile; fileRef = 3F99ECF618723F11F9081EEC /* Assets.xcassets */; };
		37423B9BD68827D254EEF211 /* xInsightWidget.swift in Sources */ = {isa = PBXBuildFile; fileRef = B3C3687DE445584381CFBD64 /* xInsightWidget.swift */; };
		3DD850F83A76B01FD22BDDFE /* PerformanceBenchmarks.swift in Sources */ = {isa = PBXBuildFile; fileRef = 10FE054B9AB460877D8DF7B6 /* PerformanceBenchmarks.swift */; };
		40E3E1915EF39773748E1FE5 /* BenchmarkTab.swift in Sources */ = {isa = PBXBuildFile; fileRef = 4F9D4583A6BEB9C102C42978 /* BenchmarkTab.swift */; };
		4182914319734C2EE7B7323E /* ScheduledExports.swift in Sources */ = {isa = PBXBuildFile; fileRef = E8DC18C2E482B18431E2F668 /* ScheduledExports.swift */; };
		42D6FAAFE72011A3C2D8C5DD /* StatusIcon.swift in Sources */ = {isa = PBXBuildFile; fileRef = A1856DDD16F3851F139238C8 /* StatusIcon.swift */; };
		43C43852D495816BB8CD0CD3 /* ThermalTab.swift in Sources */ = {isa = PBXBuildFile; fileRef = 2A59D70793B27A95015290E1 /* ThermalTab.swift */; };
		445A58B1DF9A42F8836B8651 /* iCloudSync.swift in Sources */ = {isa = PBXBuildFile; fileRef = 80484FB7D2B63B5DD40D426B /* iCloudSync.swift */; };
		47405DAD5CAB454B63028692 /* AppUninstaller.swift in Sources */ = {isa = PBXBuildFile; fileRef = 886E5009356B6397057160DA /* AppUninstaller.swift */; };
		47A07708F20113461B7F9F1E /* CorrelationEngine.swift in Sources */ = {isa = PBXBuildFile; fileRef = 26CEFE5DF0CB8B95F93895A0 /* CorrelationEngine.swift */; };
		49D500D1A5EE15E6790B271D /* DiskDetailTab.swift in Sources */ = {isa = PBXBuildFile; fileRef = 256632C9BBB1FB7E04A69FF7 /* DiskDetailTab.swift */; };
		4A46C3E388405F9DA4B6FBE2 /* Insight.swift in Sources */ = {isa = PBXBuildFile; fileRef = 5DBAEA5843574BB075D64F53 /* Insight.swift */; };
		52E2D8317A5FA1D6AD400E74 /* StartupManagerTab.swift in Sources */ = {isa = PBXBuildFile; fileRef = B5413D90720B231DAFAEE07D /* StartupManagerTab.swift */; };
		550F373B76D3F6D26C8A0E23 /* CleanupTab.swift in Sources */ = {isa = PBXBuildFile; fileRef = 8C84C6E733E66A3F37DFA76E /* CleanupTab.swift */; };
		5A715040E010981EDD7C5C6C /* ProcessMonitor.swift in Sources */ = {isa = PBXBuildFile; fileRef = 1E4ABFA273491964B8A2CAE4 /* ProcessMonitor.swift */; };
		60BBB0CED74A13FEBECCF4AF /* NetworkTrafficTab.swift in Sources */ = {isa = PBXBuildFile; fileRef = 05EA8BF9A05459E8D4F939CC /* NetworkTrafficTab.swift */; };
		615AFC42531C930A69DE3E77 /* CustomAlerts.swift in Sources */ = {isa = PBXBuildFile; fileRef = AB1BE801F0216976D03C887C /* CustomAlerts.swift */; };
		6852DE4AFAAD05080CDEA76A /* BatteryWidgetView.swift in Sources */ = {isa = PBXBuildFile; fileRef = EB826F54B11C3CAAAEF4F8B0 /* BatteryWidgetView.swift */; };
		6912A1E69E569ABD0A9F213F /* QueryParser.swift in Sources */ = {isa = PBXBuildFile; fileRef = F83C769D9C82E4BF661227A9 /* QueryParser.swift */; };
		6AC7FEA084B7561679EA5AE4 /* CPUMetrics.swift in Sources */ = {isa = PBXBuildFile; fileRef = 8A9DF12F21D33D32012E6BE2 /* CPUMetrics.swift */; };
		6F92514181FD9F0BAB4778C0 /* ShortcutsIntegration.swift in Sources */ = {isa = PBXBuildFile; fileRef = C7CD2B4FE7AA51AA6505FEC3 /* ShortcutsIntegration.swift */; };
		707B4005C71A0C9B8E3DC4EE /* DiskWidgetView.swift in Sources */ = {isa = PBXBuildFile; fileRef = 31A4705716639061B1D6A8EE /* DiskWidgetView.swift */; };
		72C375EFD6E5C65C11576799 /* AnomalyDetector.swift in Sources */ = {isa = PBXBuildFile; fileRef = 2B49DC1FBDCFCC22BF966111 /* AnomalyDetector.swift */; };
		7412497423CB9E606ED642DA /* CustomAlertsView.swift in Sources */ = {isa = PBXBuildFile; fileRef = CB14FA39854C5EEA92C768C9 /* CustomAlertsView.swift */; };
		7A7AD6BFD019C45B4F8B4BD8 /* MemoryWidgetView.swift in Sources */ = {isa = PBXBuildFile; fileRef = F7BD75C2E767B13D4A66DB7E /* MemoryWidgetView.swift */; };
		7BB47846C5E451F76297DF90 /* SMCKit.swift in Sources */ = {isa = PBXBuildFile; fileRef = 68524C546E9701371017BF2C /* SMCKit.swift */; };
		88BB2EC4F3A854F007A5FAAD /* MetricsCollector.swift in Sources */ = {isa = PBXBuildFile; fileRef = 1F297E10F18EE3A401898539 /* MetricsCollector.swift */; };
		970B4CFC0C1FFB3A03819D1C /* XInsightWidgetView.swift in Sources */ = {isa = PBXBuildFile; fileRef = C6D788BD7855D6C3E3FAB597 /* XInsightWidgetView.swift */; };
		9ACE181811D68A9C4A6F785F /* SecurityScanner.swift in Sources */ = {isa = PBXBuildFile; fileRef = F5AC9800CE898CA1DB2759A0 /* SecurityScanner.swift */; };
		9AE0FE013607C6ACDE989425 /* SystemMetrics.swift in Sources */ = {isa = PBXBuildFile; fileRef = ECCA514EBE8560A56D4A40BE /* SystemMetrics.swift */; };
		9B0FC740CF85B7E97DE7EDAA /* SettingsView.swift in Sources */ = {isa = PBXBuildFile; fileRef = 04CFF650C9E0759CB3891F28 /* SettingsView.swift */; };
		9EDECDD6BD5F71CD10BB8548 /* MenuBarView.swift in Sources */ = {isa = PBXBuildFile; fileRef = 77B45E5DBB22C96A586A8EBF /* MenuBarView.swift */; };
		A0786A341B1FF08ADA04A409 /* ProcessTimelineTab.swift in Sources */ = {isa = PBXBuildFile; fileRef = 6A49F733ECC322AE435A06EB /* ProcessTimelineTab.swift */; };
		A10F02B0C4AE753CD94BC405 /* ThermalMetrics.swift in Sources */ = {isa = PBXBuildFile; fileRef = D63A1EA76D47E95CB19FB2B2 /* ThermalMetrics.swift */; };
		A15D4F5D8A28E77A9185E69A /* CommandBar.swift in Sources */ = {isa = PBXBuildFile; fileRef = C6788084FDACCE63DF0E11CE /* CommandBar.swift */; };
		A349C302C317BD6116A0BE2B /* PortMonitoringService.swift in Sources */ = {isa = PBXBuildFile; fileRef = AF8C7C29764F7A59C1C0222E /* PortMonitoringService.swift */; };
		A52BCF9258D5919D87EB7A00 /* MemoryMetrics.swift in Sources */ = {isa = PBXBuildFile; fileRef = 016D6B640273391EEFE675B9 /* MemoryMetrics.swift */; };
		A55115298FB5CA97B63C1A78 /* ProcessInfo.swift in Sources */ = {isa = PBXBuildFile; fileRef = 1ADE493378B8373B84F99DA2 /* ProcessInfo.swift */; };
		A7895AFCF3306321F0FD673D /* ThemeManager.swift in Sources */ = {isa = PBXBuildFile; fileRef = ED80266EF8C0654779B4392D /* ThemeManager.swift */; };
		AA3E1F7C59067621F575D5BA /* HardwareInfoTab.swift in Sources */ = {isa = PBXBuildFile; fileRef = E402E3976034F31BE92B44B7 /* HardwareInfoTab.swift */; };
		ADCAD07DB1FFC95D02FE8F39 /* xInsightApp.swift in Sources */ = {isa = PBXBuildFile; fileRef = 8E789C57A61C0F586B2DF49C /* xInsightApp.swift */; };
		B00C3F3B200CC92E8504ACF0 /* SystemHealthScore.swift in Sources */ = {isa = PBXBuildFile; fileRef = 9224089B1A2B610F96F20CD1 /* SystemHealthScore.swift */; };
		B1F84BA69E7F552DEBA4B4ED /* MetricGauge.swift in Sources */ = {isa = PBXBuildFile; fileRef = 2D3380AD2336244665E5E2B2 /* MetricGauge.swift */; };
		B4F83CF57593723CBA763AD8 /* ReportGenerator.swift in Sources */ = {isa = PBXBuildFile; fileRef = 9BCDAC238406EB5580985971 /* ReportGenerator.swift */; };
		B73CFFD687BF46AC993A6D5E /* DiskCleanup.swift in Sources */ = {isa = PBXBuildFile; fileRef = F767D3A4DF72A31B1B327658 /* DiskCleanup.swift */; };
		B7DE3A0BD36778B5017A8B4B /* Localizable.strings in Resources */ = {isa = PBXBuildFile; fileRef = CC52D1E6EFE290226366B54F /* Localizable.strings */; };
		BB7B736DFE4855FEE4BEADCD /* Localization.swift in Sources */ = {isa = PBXBuildFile; fileRef = 9B344759954476049D298B20 /* Localization.swift */; };
		BC8919B1B5BC7112F57F7FA6 /* ToastNotification.swift in Sources */ = {isa = PBXBuildFile; fileRef = 574519C8A4835C444847A186 /* ToastNotification.swift */; };
		BF0C5A864F02B68BFDBCBB23 /* LargeFilesScanner.swift in Sources */ = {isa = PBXBuildFile; fileRef = D78E32E490E73ACD16595DDF /* LargeFilesScanner.swift */; };
		C1310B71A76B9F9EB42A3F79 /* OverviewTab.swift in Sources */ = {isa = PBXBuildFile; fileRef = 6E4E4890E00310ACCCA596B4 /* OverviewTab.swift */; };
		C3A5B5DF39D6C33C5AE59BE0 /* StartupManager.swift in Sources */ = {isa = PBXBuildFile; fileRef = 02F7635B88EC8B1B42BA6B5B /* StartupManager.swift */; };
		C3AF2C57ED50D81D195D65D6 /* AppleScriptBridge.swift in Sources */ = {isa = PBXBuildFile; fileRef = E6E64147FAE341081C9E660B /* AppleScriptBridge.swift */; };
		C4EAA5A45BD329A7C5D6F9AD /* DockerTab.swift in Sources */ = {isa = PBXBuildFile; fileRef = 2076279D255700A1DB7C9EA3 /* DockerTab.swift */; };
		C79C495EAFA800E48CF61114 /* NetworkTrafficMonitor.swift in Sources */ = {isa = PBXBuildFile; fileRef = 873241942ADAD9616B8C2201 /* NetworkTrafficMonitor.swift */; };
		C8688DD3E93610D7ADACD497 /* InsightsTab.swift in Sources */ = {isa = PBXBuildFile; fileRef = 0C6602AC587C1D756C3096CD /* InsightsTab.swift */; };
		C949E9031B56F56842EDD8C3 /* xInsightWidgetExtension.appex in Embed Foundation Extensions */ = {isa = PBXBuildFile; fileRef = 530EDF47460E57A389DC30E3 /* xInsightWidgetExtension.appex */; settings = {ATTRIBUTES = (RemoveHeadersOnCopy, ); }; };
		CC7E2D605951F577F99A01F4 /* DiskMetrics.swift in Sources */ = {isa = PBXBuildFile; fileRef = 21720C0D172BAD249CC1F61E /* DiskMetrics.swift */; };
		D091F522BFFE40435243A6F7 /* UninstallerTab.swift in Sources */ = {isa = PBXBuildFile; fileRef = F15DCB1FBD5B2810FBB51815 /* UninstallerTab.swift */; };
		D53407E84CEF319D8E0A3466 /* NotificationService.swift in Sources */ = {isa = PBXBuildFile; fileRef = BA47F61C612A47C9C45AB225 /* NotificationService.swift */; };
		D9CE229A5A3FC616E192833D /* SmartCleanupService.swift in Sources */ = {isa = PBXBuildFile; fileRef = 779A232869B08D87C6634512 /* SmartCleanupService.swift */; };
		DBA2BAD51BADCE9D2A462DFA /* DashboardView.swift in Sources */ = {isa = PBXBuildFile; fileRef = 0E5FE5D69890FB4B3A419EA5 /* DashboardView.swift */; };
		DC11DB993C07863CB9FBF4C7 /* InsightCard.swift in Sources */ = {isa = PBXBuildFile; fileRef = FDC499347604BCA74D68C933 /* InsightCard.swift */; };
		DC351F68C3F6544C2D408DA7 /* TimelineTab.swift in Sources */ = {isa = PBXBuildFile; fileRef = C49234A49F09DD45234AEA60 /* TimelineTab.swift */; };
		DD8B7541219B66307BCAC272 /* PortsTab.swift in Sources */ = {isa = PBXBuildFile; fileRef = 270B23A7932DF6D3397C1448 /* PortsTab.swift */; };
		DFE1B1C2845E1496D74F9020 /* LOCALIZATION.md in Resources */ = {isa = PBXBuildFile; fileRef = 4A09F5992AC709F9EF4EA9AF /* LOCALIZATION.md */; };
		E08B5C82B0A538482149996B /* InsightRules.swift in Sources */ = {isa = PBXBuildFile; fileRef = 4C06C7C56914CF9696A56C71 /* InsightRules.swift */; };
		E103517B261C66537E6DF932 /* ProcessesTab.swift in Sources */ = {isa = PBXBuildFile; fileRef = 9D6B11995B07A166A51F44B9 /* ProcessesTab.swift */; };
		E166DA49E8731E63D91C83CF /* ProcessTimeline.swift in Sources */ = {isa = PBXBuildFile; fileRef = A4B64071FE1F12E1EC61B43D /* ProcessTimeline.swift */; };
		E475D1657D66C5886A8BCC7C /* InsightEngine.swift in Sources */ = {isa = PBXBuildFile; fileRef = BC11074837EC4DF4F1A7B550 /* InsightEngine.swift */; };
		E5A9B530CDEEF10795FB7E44 /* TrendsTab.swift in Sources */ = {isa = PBXBuildFile; fileRef = A5CCCF4BBE18C31E31506780 /* TrendsTab.swift */; };
		E663BC65D6B1949720EB858B /* WidgetComponents.swift in Sources */ = {isa = PBXBuildFile; fileRef = B90E20A617736B3F157B0667 /* WidgetComponents.swift */; };
		E7FAED88E3FF4A7D8C64BA94 /* HomebrewManager.swift in Sources */ = {isa = PBXBuildFile; fileRef = D0EF7A23B3E4B49976D51105 /* HomebrewManager.swift */; };
		ECE35207911D2C986C89F80D /* PortMonitor.swift in Sources */ = {isa = PBXBuildFile; fileRef = 1F42B3BAA8520562C8403E18 /* PortMonitor.swift */; };
		EDE37DCFB977D681283886E2 /* AppDelegate.swift in Sources */ = {isa = PBXBuildFile; fileRef = 4D926F91375EBCC82031D9F1 /* AppDelegate.swift */; };
		EF712FFBD88956769C35933E /* HomebrewTab.swift in Sources */ = {isa = PBXBuildFile; fileRef = FDCAB89E15C0B92BB65FE3F1 /* HomebrewTab.swift */; };
		F09345511F566BF0C5F3184E /* CPUWidgetView.swift in Sources */ = {isa = PBXBuildFile; fileRef = B51442E144D1646D7149CD5D /* CPUWidgetView.swift */; };
		F1E168D1621741DD9B527E32 /* GPUWidgetView.swift in Sources */ = {isa = PBXBuildFile; fileRef = 1DB8C262B9BD3801856DA5EA /* GPUWidgetView.swift */; };
		F3DFA884A23020772FA40F38 /* HealthScoreView.swift in Sources */ = {isa = PBXBuildFile; fileRef = 11AB2142CB1FA4C660109023 /* HealthScoreView.swift */; };
		F55BC4ACB8E63DE02608EC04 /* PortWidgetView.swift in Sources */ = {isa = PBXBuildFile; fileRef = A6B85985333DB268370561A8 /* PortWidgetView.swift */; };
		F6588BAD70BF1674601D1A58 /* ScheduledReports.swift in Sources */ = {isa = PBXBuildFile; fileRef = 51D0473130F9969DED766C07 /* ScheduledReports.swift */; };
		F79AEF23F6F20E4885ECF8D2 /* WidgetBundle.swift in Sources */ = {isa = PBXBuildFile; fileRef = FF9E4ABE32E69B9A392447E4 /* WidgetBundle.swift */; };
		F98B89483803990A64B04DCC /* XExplainEngine.swift in Sources */ = {isa = PBXBuildFile; fileRef = 048FA9CE2619C9A10445FBC8 /* XExplainEngine.swift */; };
		FA150AB63DCAD0CC01828A55 /* RealtimeChartView.swift in Sources */ = {isa = PBXBuildFile; fileRef = 0174E73E48082568B1292F7A /* RealtimeChartView.swift */; };
		FD0EE82FA3818AA415D7E8CA /* GPUDetailTab.swift in Sources */ = {isa = PBXBuildFile; fileRef = E6F1100D761430BC88FEE18C /* GPUDetailTab.swift */; };
/* End PBXBuildFile section */

/* Begin PBXContainerItemProxy section */
		706AF9D4975277DA63EE2337 /* PBXContainerItemProxy */ = {
			isa = PBXContainerItemProxy;
			containerPortal = 0DC63951BF50E32016F58037 /* Project object */;
			proxyType = 1;
			remoteGlobalIDString = 80E8ABA8CF6D1AE1A79541F3;
			remoteInfo = xInsightWidgetExtension;
		};
/* End PBXContainerItemProxy section */

/* Begin PBXCopyFilesBuildPhase section */
		FB8F53B34C4171AC3A02F0DB /* Embed Foundation Extensions */ = {
			isa = PBXCopyFilesBuildPhase;
			buildActionMask = 2147483647;
			dstPath = "";
			dstSubfolderSpec = 13;
			files = (
				C949E9031B56F56842EDD8C3 /* xInsightWidgetExtension.appex in Embed Foundation Extensions */,
			);
			name = "Embed Foundation Extensions";
			runOnlyForDeploymentPostprocessing = 0;
		};
/* End PBXCopyFilesBuildPhase section */

/* Begin PBXFileReference section */
		016D6B640273391EEFE675B9 /* MemoryMetrics.swift */ = {isa = PBXFileReference; lastKnownFileType = sourcecode.swift; path = MemoryMetrics.swift; sourceTree = "<group>"; };
		0174E73E48082568B1292F7A /* RealtimeChartView.swift */ = {isa = PBXFileReference; lastKnownFileType = sourcecode.swift; path = RealtimeChartView.swift; sourceTree = "<group>"; };
		01F88CC35167096A3782027E /* MemoryDetailTab.swift */ = {isa = PBXFileReference; lastKnownFileType = sourcecode.swift; path = MemoryDetailTab.swift; sourceTree = "<group>"; };
		02F7635B88EC8B1B42BA6B5B /* StartupManager.swift */ = {isa = PBXFileReference; lastKnownFileType = sourcecode.swift; path = StartupManager.swift; sourceTree = "<group>"; };
		048FA9CE2619C9A10445FBC8 /* XExplainEngine.swift */ = {isa = PBXFileReference; lastKnownFileType = sourcecode.swift; path = XExplainEngine.swift; sourceTree = "<group>"; };
		04CFF650C9E0759CB3891F28 /* SettingsView.swift */ = {isa = PBXFileReference; lastKnownFileType = sourcecode.swift; path = SettingsView.swift; sourceTree = "<group>"; };
		05842A533A476B7C3BEA18DD /* StatusBarController.swift */ = {isa = PBXFileReference; lastKnownFileType = sourcecode.swift; path = StatusBarController.swift; sourceTree = "<group>"; };
		05EA8BF9A05459E8D4F939CC /* NetworkTrafficTab.swift */ = {isa = PBXFileReference; lastKnownFileType = sourcecode.swift; path = NetworkTrafficTab.swift; sourceTree = "<group>"; };
		0C6602AC587C1D756C3096CD /* InsightsTab.swift */ = {isa = PBXFileReference; lastKnownFileType = sourcecode.swift; path = InsightsTab.swift; sourceTree = "<group>"; };
		0E576DFB30E8C90A22445BE6 /* BatteryService.swift */ = {isa = PBXFileReference; lastKnownFileType = sourcecode.swift; path = BatteryService.swift; sourceTree = "<group>"; };
		0E5FE5D69890FB4B3A419EA5 /* DashboardView.swift */ = {isa = PBXFileReference; lastKnownFileType = sourcecode.swift; path = DashboardView.swift; sourceTree = "<group>"; };
		10FE054B9AB460877D8DF7B6 /* PerformanceBenchmarks.swift */ = {isa = PBXFileReference; lastKnownFileType = sourcecode.swift; path = PerformanceBenchmarks.swift; sourceTree = "<group>"; };
		11AB2142CB1FA4C660109023 /* HealthScoreView.swift */ = {isa = PBXFileReference; lastKnownFileType = sourcecode.swift; path = HealthScoreView.swift; sourceTree = "<group>"; };
		1ADE493378B8373B84F99DA2 /* ProcessInfo.swift */ = {isa = PBXFileReference; lastKnownFileType = sourcecode.swift; path = ProcessInfo.swift; sourceTree = "<group>"; };
		1DB8C262B9BD3801856DA5EA /* GPUWidgetView.swift */ = {isa = PBXFileReference; lastKnownFileType = sourcecode.swift; path = GPUWidgetView.swift; sourceTree = "<group>"; };
		1E4ABFA273491964B8A2CAE4 /* ProcessMonitor.swift */ = {isa = PBXFileReference; lastKnownFileType = sourcecode.swift; path = ProcessMonitor.swift; sourceTree = "<group>"; };
		1F297E10F18EE3A401898539 /* MetricsCollector.swift */ = {isa = PBXFileReference; lastKnownFileType = sourcecode.swift; path = MetricsCollector.swift; sourceTree = "<group>"; };
		1F42B3BAA8520562C8403E18 /* PortMonitor.swift */ = {isa = PBXFileReference; lastKnownFileType = sourcecode.swift; path = PortMonitor.swift; sourceTree = "<group>"; };
		2076279D255700A1DB7C9EA3 /* DockerTab.swift */ = {isa = PBXFileReference; lastKnownFileType = sourcecode.swift; path = DockerTab.swift; sourceTree = "<group>"; };
		21720C0D172BAD249CC1F61E /* DiskMetrics.swift */ = {isa = PBXFileReference; lastKnownFileType = sourcecode.swift; path = DiskMetrics.swift; sourceTree = "<group>"; };
		256632C9BBB1FB7E04A69FF7 /* DiskDetailTab.swift */ = {isa = PBXFileReference; lastKnownFileType = sourcecode.swift; path = DiskDetailTab.swift; sourceTree = "<group>"; };
		26CEFE5DF0CB8B95F93895A0 /* CorrelationEngine.swift */ = {isa = PBXFileReference; lastKnownFileType = sourcecode.swift; path = CorrelationEngine.swift; sourceTree = "<group>"; };
		270B23A7932DF6D3397C1448 /* PortsTab.swift */ = {isa = PBXFileReference; lastKnownFileType = sourcecode.swift; path = PortsTab.swift; sourceTree = "<group>"; };
		2A59D70793B27A95015290E1 /* ThermalTab.swift */ = {isa = PBXFileReference; lastKnownFileType = sourcecode.swift; path = ThermalTab.swift; sourceTree = "<group>"; };
		2B49DC1FBDCFCC22BF966111 /* AnomalyDetector.swift */ = {isa = PBXFileReference; lastKnownFileType = sourcecode.swift; path = AnomalyDetector.swift; sourceTree = "<group>"; };
		2D3380AD2336244665E5E2B2 /* MetricGauge.swift */ = {isa = PBXFileReference; lastKnownFileType = sourcecode.swift; path = MetricGauge.swift; sourceTree = "<group>"; };
		2D805FC3425B71E234345FFC /* NetworkWidgetView.swift */ = {isa = PBXFileReference; lastKnownFileType = sourcecode.swift; path = NetworkWidgetView.swift; sourceTree = "<group>"; };
		31A4705716639061B1D6A8EE /* DiskWidgetView.swift */ = {isa = PBXFileReference; lastKnownFileType = sourcecode.swift; path = DiskWidgetView.swift; sourceTree = "<group>"; };
		3BC219BEF544A5437B69A931 /* SecurityTab.swift */ = {isa = PBXFileReference; lastKnownFileType = sourcecode.swift; path = SecurityTab.swift; sourceTree = "<group>"; };
		3F99ECF618723F11F9081EEC /* Assets.xcassets */ = {isa = PBXFileReference; lastKnownFileType = folder.assetcatalog; path = Assets.xcassets; sourceTree = "<group>"; };
		4A09F5992AC709F9EF4EA9AF /* LOCALIZATION.md */ = {isa = PBXFileReference; lastKnownFileType = net.daringfireball.markdown; path = LOCALIZATION.md; sourceTree = "<group>"; };
		4C06C7C56914CF9696A56C71 /* InsightRules.swift */ = {isa = PBXFileReference; lastKnownFileType = sourcecode.swift; path = InsightRules.swift; sourceTree = "<group>"; };
		4D926F91375EBCC82031D9F1 /* AppDelegate.swift */ = {isa = PBXFileReference; lastKnownFileType = sourcecode.swift; path = AppDelegate.swift; sourceTree = "<group>"; };
		4F9D4583A6BEB9C102C42978 /* BenchmarkTab.swift */ = {isa = PBXFileReference; lastKnownFileType = sourcecode.swift; path = BenchmarkTab.swift; sourceTree = "<group>"; };
		51D0473130F9969DED766C07 /* ScheduledReports.swift */ = {isa = PBXFileReference; lastKnownFileType = sourcecode.swift; path = ScheduledReports.swift; sourceTree = "<group>"; };
		530EDF47460E57A389DC30E3 /* xInsightWidgetExtension.appex */ = {isa = PBXFileReference; explicitFileType = "wrapper.app-extension"; includeInIndex = 0; path = xInsightWidgetExtension.appex; sourceTree = BUILT_PRODUCTS_DIR; };
		574519C8A4835C444847A186 /* ToastNotification.swift */ = {isa = PBXFileReference; lastKnownFileType = sourcecode.swift; path = ToastNotification.swift; sourceTree = "<group>"; };
		5DBAEA5843574BB075D64F53 /* Insight.swift */ = {isa = PBXFileReference; lastKnownFileType = sourcecode.swift; path = Insight.swift; sourceTree = "<group>"; };
		66B3970C34D464A8BA6BEE71 /* es */ = {isa = PBXFileReference; lastKnownFileType = text.plist.strings; name = es; path = es.lproj/Localizable.strings; sourceTree = "<group>"; };
		68524C546E9701371017BF2C /* SMCKit.swift */ = {isa = PBXFileReference; lastKnownFileType = sourcecode.swift; path = SMCKit.swift; sourceTree = "<group>"; };
		6A49F733ECC322AE435A06EB /* ProcessTimelineTab.swift */ = {isa = PBXFileReference; lastKnownFileType = sourcecode.swift; path = ProcessTimelineTab.swift; sourceTree = "<group>"; };
		6E4E4890E00310ACCCA596B4 /* OverviewTab.swift */ = {isa = PBXFileReference; lastKnownFileType = sourcecode.swift; path = OverviewTab.swift; sourceTree = "<group>"; };
		777954882EF2F2E320EAE8D5 /* BatteryHealthTab.swift */ = {isa = PBXFileReference; lastKnownFileType = sourcecode.swift; path = BatteryHealthTab.swift; sourceTree = "<group>"; };
		779A232869B08D87C6634512 /* SmartCleanupService.swift */ = {isa = PBXFileReference; lastKnownFileType = sourcecode.swift; path = SmartCleanupService.swift; sourceTree = "<group>"; };
		77B45E5DBB22C96A586A8EBF /* MenuBarView.swift */ = {isa = PBXFileReference; lastKnownFileType = sourcecode.swift; path = MenuBarView.swift; sourceTree = "<group>"; };
		7C363CE622D9BFA49CB6CE6E /* de */ = {isa = PBXFileReference; lastKnownFileType = text.plist.strings; name = de; path = de.lproj/Localizable.strings; sourceTree = "<group>"; };
		80484FB7D2B63B5DD40D426B /* iCloudSync.swift */ = {isa = PBXFileReference; lastKnownFileType = sourcecode.swift; path = iCloudSync.swift; sourceTree = "<group>"; };
		8324E60F042418003784DDAD /* en */ = {isa = PBXFileReference; lastKnownFileType = text.plist.strings; name = en; path = en.lproj/Localizable.strings; sourceTree = "<group>"; };
		8417ED22E494360FFC8EF1D6 /* Info.plist */ = {isa = PBXFileReference; lastKnownFileType = text.plist; path = Info.plist; sourceTree = "<group>"; };
		873241942ADAD9616B8C2201 /* NetworkTrafficMonitor.swift */ = {isa = PBXFileReference; lastKnownFileType = sourcecode.swift; path = NetworkTrafficMonitor.swift; sourceTree = "<group>"; };
		886E5009356B6397057160DA /* AppUninstaller.swift */ = {isa = PBXFileReference; lastKnownFileType = sourcecode.swift; path = AppUninstaller.swift; sourceTree = "<group>"; };
		8A9DF12F21D33D32012E6BE2 /* CPUMetrics.swift */ = {isa = PBXFileReference; lastKnownFileType = sourcecode.swift; path = CPUMetrics.swift; sourceTree = "<group>"; };
		8C84C6E733E66A3F37DFA76E /* CleanupTab.swift */ = {isa = PBXFileReference; lastKnownFileType = sourcecode.swift; path = CleanupTab.swift; sourceTree = "<group>"; };
		8CD56A2849784B7FA8EC5B0E /* vi */ = {isa = PBXFileReference; lastKnownFileType = text.plist.strings; name = vi; path = vi.lproj/Localizable.strings; sourceTree = "<group>"; };
		8E789C57A61C0F586B2DF49C /* xInsightApp.swift */ = {isa = PBXFileReference; lastKnownFileType = sourcecode.swift; path = xInsightApp.swift; sourceTree = "<group>"; };
		9224089B1A2B610F96F20CD1 /* SystemHealthScore.swift */ = {isa = PBXFileReference; lastKnownFileType = sourcecode.swift; path = SystemHealthScore.swift; sourceTree = "<group>"; };
		94DCDE5F1F67FFA06EFE84CE /* CPUDetailTab.swift */ = {isa = PBXFileReference; lastKnownFileType = sourcecode.swift; path = CPUDetailTab.swift; sourceTree = "<group>"; };
		9B2EC3E2C1037D35EDC4984A /* DockerMonitor.swift */ = {isa = PBXFileReference; lastKnownFileType = sourcecode.swift; path = DockerMonitor.swift; sourceTree = "<group>"; };
		9B344759954476049D298B20 /* Localization.swift */ = {isa = PBXFileReference; lastKnownFileType = sourcecode.swift; path = Localization.swift; sourceTree = "<group>"; };
		9BCDAC238406EB5580985971 /* ReportGenerator.swift */ = {isa = PBXFileReference; lastKnownFileType = sourcecode.swift; path = ReportGenerator.swift; sourceTree = "<group>"; };
		9D6B11995B07A166A51F44B9 /* ProcessesTab.swift */ = {isa = PBXFileReference; lastKnownFileType = sourcecode.swift; path = ProcessesTab.swift; sourceTree = "<group>"; };
		A1856DDD16F3851F139238C8 /* StatusIcon.swift */ = {isa = PBXFileReference; lastKnownFileType = sourcecode.swift; path = StatusIcon.swift; sourceTree = "<group>"; };
		A4B64071FE1F12E1EC61B43D /* ProcessTimeline.swift */ = {isa = PBXFileReference; lastKnownFileType = sourcecode.swift; path = ProcessTimeline.swift; sourceTree = "<group>"; };
		A4B91D7C25CACD16024360A0 /* GPUMetrics.swift */ = {isa = PBXFileReference; lastKnownFileType = sourcecode.swift; path = GPUMetrics.swift; sourceTree = "<group>"; };
		A5CCCF4BBE18C31E31506780 /* TrendsTab.swift */ = {isa = PBXFileReference; lastKnownFileType = sourcecode.swift; path = TrendsTab.swift; sourceTree = "<group>"; };
		A6B85985333DB268370561A8 /* PortWidgetView.swift */ = {isa = PBXFileReference; lastKnownFileType = sourcecode.swift; path = PortWidgetView.swift; sourceTree = "<group>"; };
		AB1BE801F0216976D03C887C /* CustomAlerts.swift */ = {isa = PBXFileReference; lastKnownFileType = sourcecode.swift; path = CustomAlerts.swift; sourceTree = "<group>"; };
		AF8C7C29764F7A59C1C0222E /* PortMonitoringService.swift */ = {isa = PBXFileReference; lastKnownFileType = sourcecode.swift; path = PortMonitoringService.swift; sourceTree = "<group>"; };
		B1665669A15CD01B4A0391FC /* xInsight.app */ = {isa = PBXFileReference; explicitFileType = wrapper.application; includeInIndex = 0; path = xInsight.app; sourceTree = BUILT_PRODUCTS_DIR; };
		B3C3687DE445584381CFBD64 /* xInsightWidget.swift */ = {isa = PBXFileReference; lastKnownFileType = sourcecode.swift; path = xInsightWidget.swift; sourceTree = "<group>"; };
		B51442E144D1646D7149CD5D /* CPUWidgetView.swift */ = {isa = PBXFileReference; lastKnownFileType = sourcecode.swift; path = CPUWidgetView.swift; sourceTree = "<group>"; };
		B5413D90720B231DAFAEE07D /* StartupManagerTab.swift */ = {isa = PBXFileReference; lastKnownFileType = sourcecode.swift; path = StartupManagerTab.swift; sourceTree = "<group>"; };
		B5B8B6CCE64213F86DE7F8D4 /* zh-Hans */ = {isa = PBXFileReference; lastKnownFileType = text.plist.strings; name = "zh-Hans"; path = "zh-Hans.lproj/Localizable.strings"; sourceTree = "<group>"; };
		B90E20A617736B3F157B0667 /* WidgetComponents.swift */ = {isa = PBXFileReference; lastKnownFileType = sourcecode.swift; path = WidgetComponents.swift; sourceTree = "<group>"; };
		BA47F61C612A47C9C45AB225 /* NotificationService.swift */ = {isa = PBXFileReference; lastKnownFileType = sourcecode.swift; path = NotificationService.swift; sourceTree = "<group>"; };
		BC11074837EC4DF4F1A7B550 /* InsightEngine.swift */ = {isa = PBXFileReference; lastKnownFileType = sourcecode.swift; path = InsightEngine.swift; sourceTree = "<group>"; };
		C49234A49F09DD45234AEA60 /* TimelineTab.swift */ = {isa = PBXFileReference; lastKnownFileType = sourcecode.swift; path = TimelineTab.swift; sourceTree = "<group>"; };
		C6788084FDACCE63DF0E11CE /* CommandBar.swift */ = {isa = PBXFileReference; lastKnownFileType = sourcecode.swift; path = CommandBar.swift; sourceTree = "<group>"; };
		C6D788BD7855D6C3E3FAB597 /* XInsightWidgetView.swift */ = {isa = PBXFileReference; lastKnownFileType = sourcecode.swift; path = XInsightWidgetView.swift; sourceTree = "<group>"; };
		C7CD2B4FE7AA51AA6505FEC3 /* ShortcutsIntegration.swift */ = {isa = PBXFileReference; lastKnownFileType = sourcecode.swift; path = ShortcutsIntegration.swift; sourceTree = "<group>"; };
		CB14FA39854C5EEA92C768C9 /* CustomAlertsView.swift */ = {isa = PBXFileReference; lastKnownFileType = sourcecode.swift; path = CustomAlertsView.swift; sourceTree = "<group>"; };
		CBA12494FD6008C45E1EBC45 /* ja */ = {isa = PBXFileReference; lastKnownFileType = text.plist.strings; name = ja; path = ja.lproj/Localizable.strings; sourceTree = "<group>"; };
		CC3ABCB2D747CDC9E8A09DE9 /* CleanupWidgetView.swift */ = {isa = PBXFileReference; lastKnownFileType = sourcecode.swift; path = CleanupWidgetView.swift; sourceTree = "<group>"; };
		D0EF7A23B3E4B49976D51105 /* HomebrewManager.swift */ = {isa = PBXFileReference; lastKnownFileType = sourcecode.swift; path = HomebrewManager.swift; sourceTree = "<group>"; };
		D63A1EA76D47E95CB19FB2B2 /* ThermalMetrics.swift */ = {isa = PBXFileReference; lastKnownFileType = sourcecode.swift; path = ThermalMetrics.swift; sourceTree = "<group>"; };
		D78E32E490E73ACD16595DDF /* LargeFilesScanner.swift */ = {isa = PBXFileReference; lastKnownFileType = sourcecode.swift; path = LargeFilesScanner.swift; sourceTree = "<group>"; };
		DC7AB3ED0B8AB1BCC13D638E /* ko */ = {isa = PBXFileReference; lastKnownFileType = text.plist.strings; name = ko; path = ko.lproj/Localizable.strings; sourceTree = "<group>"; };
		E23464AD1E4322D00830E60A /* fr */ = {isa = PBXFileReference; lastKnownFileType = text.plist.strings; name = fr; path = fr.lproj/Localizable.strings; sourceTree = "<group>"; };
		E402E3976034F31BE92B44B7 /* HardwareInfoTab.swift */ = {isa = PBXFileReference; lastKnownFileType = sourcecode.swift; path = HardwareInfoTab.swift; sourceTree = "<group>"; };
		E6E64147FAE341081C9E660B /* AppleScriptBridge.swift */ = {isa = PBXFileReference; lastKnownFileType = sourcecode.swift; path = AppleScriptBridge.swift; sourceTree = "<group>"; };
		E6F1100D761430BC88FEE18C /* GPUDetailTab.swift */ = {isa = PBXFileReference; lastKnownFileType = sourcecode.swift; path = GPUDetailTab.swift; sourceTree = "<group>"; };
		E8DC18C2E482B18431E2F668 /* ScheduledExports.swift */ = {isa = PBXFileReference; lastKnownFileType = sourcecode.swift; path = ScheduledExports.swift; sourceTree = "<group>"; };
		EB826F54B11C3CAAAEF4F8B0 /* BatteryWidgetView.swift */ = {isa = PBXFileReference; lastKnownFileType = sourcecode.swift; path = BatteryWidgetView.swift; sourceTree = "<group>"; };
		ECCA514EBE8560A56D4A40BE /* SystemMetrics.swift */ = {isa = PBXFileReference; lastKnownFileType = sourcecode.swift; path = SystemMetrics.swift; sourceTree = "<group>"; };
		ED2BF4932BF53F8344FD2B0F /* VersionCheckService.swift */ = {isa = PBXFileReference; lastKnownFileType = sourcecode.swift; path = VersionCheckService.swift; sourceTree = "<group>"; };
		ED80266EF8C0654779B4392D /* ThemeManager.swift */ = {isa = PBXFileReference; lastKnownFileType = sourcecode.swift; path = ThemeManager.swift; sourceTree = "<group>"; };
		F15DCB1FBD5B2810FBB51815 /* UninstallerTab.swift */ = {isa = PBXFileReference; lastKnownFileType = sourcecode.swift; path = UninstallerTab.swift; sourceTree = "<group>"; };
		F5AC9800CE898CA1DB2759A0 /* SecurityScanner.swift */ = {isa = PBXFileReference; lastKnownFileType = sourcecode.swift; path = SecurityScanner.swift; sourceTree = "<group>"; };
		F7269BCE76FFF345EB46B6FC /* ComparisonTab.swift */ = {isa = PBXFileReference; lastKnownFileType = sourcecode.swift; path = ComparisonTab.swift; sourceTree = "<group>"; };
		F767D3A4DF72A31B1B327658 /* DiskCleanup.swift */ = {isa = PBXFileReference; lastKnownFileType = sourcecode.swift; path = DiskCleanup.swift; sourceTree = "<group>"; };
		F7BD75C2E767B13D4A66DB7E /* MemoryWidgetView.swift */ = {isa = PBXFileReference; lastKnownFileType = sourcecode.swift; path = MemoryWidgetView.swift; sourceTree = "<group>"; };
		F83C769D9C82E4BF661227A9 /* QueryParser.swift */ = {isa = PBXFileReference; lastKnownFileType = sourcecode.swift; path = QueryParser.swift; sourceTree = "<group>"; };
		FDC499347604BCA74D68C933 /* InsightCard.swift */ = {isa = PBXFileReference; lastKnownFileType = sourcecode.swift; path = InsightCard.swift; sourceTree = "<group>"; };
		FDCAB89E15C0B92BB65FE3F1 /* HomebrewTab.swift */ = {isa = PBXFileReference; lastKnownFileType = sourcecode.swift; path = HomebrewTab.swift; sourceTree = "<group>"; };
		FF9E4ABE32E69B9A392447E4 /* WidgetBundle.swift */ = {isa = PBXFileReference; lastKnownFileType = sourcecode.swift; path = WidgetBundle.swift; sourceTree = "<group>"; };
/* End PBXFileReference section */

/* Begin PBXGroup section */
		035CB9371E0FF82BA34E8D82 /* Settings */ = {
			isa = PBXGroup;
			children = (
				CB14FA39854C5EEA92C768C9 /* CustomAlertsView.swift */,
			);
			path = Settings;
			sourceTree = "<group>";
		};
		1294EBA5AA10614D29494C9E /* Rules */ = {
			isa = PBXGroup;
			children = (
				4C06C7C56914CF9696A56C71 /* InsightRules.swift */,
			);
			path = Rules;
			sourceTree = "<group>";
		};
		1B5AC3DA1882D238D5321D69 /* Resources */ = {
			isa = PBXGroup;
			children = (
				CC52D1E6EFE290226366B54F /* Localizable.strings */,
				4A09F5992AC709F9EF4EA9AF /* LOCALIZATION.md */,
			);
			path = Resources;
			sourceTree = "<group>";
		};
		1E211F0A17B75FB5AC2416B1 /* Products */ = {
			isa = PBXGroup;
			children = (
				B1665669A15CD01B4A0391FC /* xInsight.app */,
				530EDF47460E57A389DC30E3 /* xInsightWidgetExtension.appex */,
			);
			name = Products;
			sourceTree = "<group>";
		};
		2A5D7655621B801BB2C3B809 /* Network */ = {
			isa = PBXGroup;
			children = (
				1F42B3BAA8520562C8403E18 /* PortMonitor.swift */,
				AF8C7C29764F7A59C1C0222E /* PortMonitoringService.swift */,
			);
			path = Network;
			sourceTree = "<group>";
		};
		50BD18748CFC66D574D0ED3E /* MenuBar */ = {
			isa = PBXGroup;
			children = (
				77B45E5DBB22C96A586A8EBF /* MenuBarView.swift */,
				05842A533A476B7C3BEA18DD /* StatusBarController.swift */,
				DA236F9AB50AEA9F03C1E0FF /* Widgets */,
			);
			path = MenuBar;
			sourceTree = "<group>";
		};
		6EA8019AAF3EA0A038ABEC24 /* Models */ = {
			isa = PBXGroup;
			children = (
				5DBAEA5843574BB075D64F53 /* Insight.swift */,
				1ADE493378B8373B84F99DA2 /* ProcessInfo.swift */,
				ECCA514EBE8560A56D4A40BE /* SystemMetrics.swift */,
			);
			path = Models;
			sourceTree = "<group>";
		};
		7B1839EFFFD0F7A54A252866 = {
			isa = PBXGroup;
			children = (
				1B5AC3DA1882D238D5321D69 /* Resources */,
				B5EDA1DE1452BB2E0B7F4A64 /* xInsight */,
				DB966A4C36E9DA7014F7FB82 /* xInsightWidget */,
				1E211F0A17B75FB5AC2416B1 /* Products */,
			);
			sourceTree = "<group>";
		};
		8794C44345D02BED621E5DBF /* Views */ = {
			isa = PBXGroup;
			children = (
				04CFF650C9E0759CB3891F28 /* SettingsView.swift */,
				97F85772EFD8C87F157C66D2 /* Components */,
				FBDCE184F6F10884CEC82D0A /* Dashboard */,
				50BD18748CFC66D574D0ED3E /* MenuBar */,
				035CB9371E0FF82BA34E8D82 /* Settings */,
			);
			path = Views;
			sourceTree = "<group>";
		};
		8A3A3B322E1BCB77139D096A /* Disk */ = {
			isa = PBXGroup;
			children = (
				F767D3A4DF72A31B1B327658 /* DiskCleanup.swift */,
				D78E32E490E73ACD16595DDF /* LargeFilesScanner.swift */,
				779A232869B08D87C6634512 /* SmartCleanupService.swift */,
			);
			path = Disk;
			sourceTree = "<group>";
		};
		94EA187E32445B17E7AFEB9A /* Metrics */ = {
			isa = PBXGroup;
			children = (
				8A9DF12F21D33D32012E6BE2 /* CPUMetrics.swift */,
				21720C0D172BAD249CC1F61E /* DiskMetrics.swift */,
				A4B91D7C25CACD16024360A0 /* GPUMetrics.swift */,
				016D6B640273391EEFE675B9 /* MemoryMetrics.swift */,
				1F297E10F18EE3A401898539 /* MetricsCollector.swift */,
				D63A1EA76D47E95CB19FB2B2 /* ThermalMetrics.swift */,
			);
			path = Metrics;
			sourceTree = "<group>";
		};
		97F85772EFD8C87F157C66D2 /* Components */ = {
			isa = PBXGroup;
			children = (
				C6788084FDACCE63DF0E11CE /* CommandBar.swift */,
				11AB2142CB1FA4C660109023 /* HealthScoreView.swift */,
				FDC499347604BCA74D68C933 /* InsightCard.swift */,
				2D3380AD2336244665E5E2B2 /* MetricGauge.swift */,
				0174E73E48082568B1292F7A /* RealtimeChartView.swift */,
				A1856DDD16F3851F139238C8 /* StatusIcon.swift */,
				574519C8A4835C444847A186 /* ToastNotification.swift */,
			);
			path = Components;
			sourceTree = "<group>";
		};
		B5EDA1DE1452BB2E0B7F4A64 /* xInsight */ = {
			isa = PBXGroup;
			children = (
				D0ECF2A9FBF943196F3220E1 /* App */,
				6EA8019AAF3EA0A038ABEC24 /* Models */,
				CFF493D42356C1F19C94EF27 /* Resources */,
				DE0ED56AB2289D51BA2D2CC1 /* Services */,
				8794C44345D02BED621E5DBF /* Views */,
			);
			path = xInsight;
			sourceTree = "<group>";
		};
		CFF493D42356C1F19C94EF27 /* Resources */ = {
			isa = PBXGroup;
			children = (
				3F99ECF618723F11F9081EEC /* Assets.xcassets */,
			);
			path = Resources;
			sourceTree = "<group>";
		};
		D0ECF2A9FBF943196F3220E1 /* App */ = {
			isa = PBXGroup;
			children = (
				4D926F91375EBCC82031D9F1 /* AppDelegate.swift */,
				8E789C57A61C0F586B2DF49C /* xInsightApp.swift */,
			);
			path = App;
			sourceTree = "<group>";
		};
		D3D236744DAE0C559CE82344 /* Process */ = {
			isa = PBXGroup;
			children = (
				1E4ABFA273491964B8A2CAE4 /* ProcessMonitor.swift */,
			);
			path = Process;
			sourceTree = "<group>";
		};
		DA236F9AB50AEA9F03C1E0FF /* Widgets */ = {
			isa = PBXGroup;
			children = (
				EB826F54B11C3CAAAEF4F8B0 /* BatteryWidgetView.swift */,
				CC3ABCB2D747CDC9E8A09DE9 /* CleanupWidgetView.swift */,
				B51442E144D1646D7149CD5D /* CPUWidgetView.swift */,
				31A4705716639061B1D6A8EE /* DiskWidgetView.swift */,
				1DB8C262B9BD3801856DA5EA /* GPUWidgetView.swift */,
				F7BD75C2E767B13D4A66DB7E /* MemoryWidgetView.swift */,
				2D805FC3425B71E234345FFC /* NetworkWidgetView.swift */,
				A6B85985333DB268370561A8 /* PortWidgetView.swift */,
				B90E20A617736B3F157B0667 /* WidgetComponents.swift */,
				C6D788BD7855D6C3E3FAB597 /* XInsightWidgetView.swift */,
			);
			path = Widgets;
			sourceTree = "<group>";
		};
		DB966A4C36E9DA7014F7FB82 /* xInsightWidget */ = {
			isa = PBXGroup;
			children = (
				8417ED22E494360FFC8EF1D6 /* Info.plist */,
				FF9E4ABE32E69B9A392447E4 /* WidgetBundle.swift */,
				B3C3687DE445584381CFBD64 /* xInsightWidget.swift */,
			);
			path = xInsightWidget;
			sourceTree = "<group>";
		};
		DE0ED56AB2289D51BA2D2CC1 /* Services */ = {
			isa = PBXGroup;
			children = (
				E6E64147FAE341081C9E660B /* AppleScriptBridge.swift */,
				886E5009356B6397057160DA /* AppUninstaller.swift */,
				0E576DFB30E8C90A22445BE6 /* BatteryService.swift */,
				AB1BE801F0216976D03C887C /* CustomAlerts.swift */,
				9B2EC3E2C1037D35EDC4984A /* DockerMonitor.swift */,
				D0EF7A23B3E4B49976D51105 /* HomebrewManager.swift */,
				80484FB7D2B63B5DD40D426B /* iCloudSync.swift */,
				9B344759954476049D298B20 /* Localization.swift */,
				873241942ADAD9616B8C2201 /* NetworkTrafficMonitor.swift */,
				BA47F61C612A47C9C45AB225 /* NotificationService.swift */,
				10FE054B9AB460877D8DF7B6 /* PerformanceBenchmarks.swift */,
				A4B64071FE1F12E1EC61B43D /* ProcessTimeline.swift */,
				F83C769D9C82E4BF661227A9 /* QueryParser.swift */,
				9BCDAC238406EB5580985971 /* ReportGenerator.swift */,
				E8DC18C2E482B18431E2F668 /* ScheduledExports.swift */,
				51D0473130F9969DED766C07 /* ScheduledReports.swift */,
				F5AC9800CE898CA1DB2759A0 /* SecurityScanner.swift */,
				C7CD2B4FE7AA51AA6505FEC3 /* ShortcutsIntegration.swift */,
				68524C546E9701371017BF2C /* SMCKit.swift */,
				02F7635B88EC8B1B42BA6B5B /* StartupManager.swift */,
				9224089B1A2B610F96F20CD1 /* SystemHealthScore.swift */,
				ED80266EF8C0654779B4392D /* ThemeManager.swift */,
				ED2BF4932BF53F8344FD2B0F /* VersionCheckService.swift */,
				048FA9CE2619C9A10445FBC8 /* XExplainEngine.swift */,
				8A3A3B322E1BCB77139D096A /* Disk */,
				E8D061CD744D8176DAB01E1D /* Insight */,
				94EA187E32445B17E7AFEB9A /* Metrics */,
				2A5D7655621B801BB2C3B809 /* Network */,
				D3D236744DAE0C559CE82344 /* Process */,
			);
			path = Services;
			sourceTree = "<group>";
		};
		E8D061CD744D8176DAB01E1D /* Insight */ = {
			isa = PBXGroup;
			children = (
				2B49DC1FBDCFCC22BF966111 /* AnomalyDetector.swift */,
				26CEFE5DF0CB8B95F93895A0 /* CorrelationEngine.swift */,
				BC11074837EC4DF4F1A7B550 /* InsightEngine.swift */,
				1294EBA5AA10614D29494C9E /* Rules */,
			);
			path = Insight;
			sourceTree = "<group>";
		};
		FBDCE184F6F10884CEC82D0A /* Dashboard */ = {
			isa = PBXGroup;
			children = (
				777954882EF2F2E320EAE8D5 /* BatteryHealthTab.swift */,
				4F9D4583A6BEB9C102C42978 /* BenchmarkTab.swift */,
				8C84C6E733E66A3F37DFA76E /* CleanupTab.swift */,
				F7269BCE76FFF345EB46B6FC /* ComparisonTab.swift */,
				94DCDE5F1F67FFA06EFE84CE /* CPUDetailTab.swift */,
				0E5FE5D69890FB4B3A419EA5 /* DashboardView.swift */,
				256632C9BBB1FB7E04A69FF7 /* DiskDetailTab.swift */,
				2076279D255700A1DB7C9EA3 /* DockerTab.swift */,
				E6F1100D761430BC88FEE18C /* GPUDetailTab.swift */,
				E402E3976034F31BE92B44B7 /* HardwareInfoTab.swift */,
				FDCAB89E15C0B92BB65FE3F1 /* HomebrewTab.swift */,
				0C6602AC587C1D756C3096CD /* InsightsTab.swift */,
				01F88CC35167096A3782027E /* MemoryDetailTab.swift */,
				05EA8BF9A05459E8D4F939CC /* NetworkTrafficTab.swift */,
				6E4E4890E00310ACCCA596B4 /* OverviewTab.swift */,
				270B23A7932DF6D3397C1448 /* PortsTab.swift */,
				9D6B11995B07A166A51F44B9 /* ProcessesTab.swift */,
				6A49F733ECC322AE435A06EB /* ProcessTimelineTab.swift */,
				3BC219BEF544A5437B69A931 /* SecurityTab.swift */,
				B5413D90720B231DAFAEE07D /* StartupManagerTab.swift */,
				2A59D70793B27A95015290E1 /* ThermalTab.swift */,
				C49234A49F09DD45234AEA60 /* TimelineTab.swift */,
				A5CCCF4BBE18C31E31506780 /* TrendsTab.swift */,
				F15DCB1FBD5B2810FBB51815 /* UninstallerTab.swift */,
			);
			path = Dashboard;
			sourceTree = "<group>";
		};
/* End PBXGroup section */

/* Begin PBXNativeTarget section */
		80E8ABA8CF6D1AE1A79541F3 /* xInsightWidgetExtension */ = {
			isa = PBXNativeTarget;
			buildConfigurationList = 34DCBF2FF659D507946CD17B /* Build configuration list for PBXNativeTarget "xInsightWidgetExtension" */;
			buildPhases = (
				F000072A3AF74A6DF4DAA988 /* Sources */,
			);
			buildRules = (
			);
			dependencies = (
			);
			name = xInsightWidgetExtension;
			packageProductDependencies = (
			);
			productName = xInsightWidgetExtension;
			productReference = 530EDF47460E57A389DC30E3 /* xInsightWidgetExtension.appex */;
			productType = "com.apple.product-type.app-extension";
		};
		9B0D002D781C26C6F410D08E /* xInsight */ = {
			isa = PBXNativeTarget;
			buildConfigurationList = 57694895C9AD64AE50A1AEAF /* Build configuration list for PBXNativeTarget "xInsight" */;
			buildPhases = (
				F837E7C90CEB7064307DEE11 /* Sources */,
				F1471817D347F2C642724EAD /* Resources */,
				FB8F53B34C4171AC3A02F0DB /* Embed Foundation Extensions */,
			);
			buildRules = (
			);
			dependencies = (
				303A31A1B9DFE9AAA7AF4857 /* PBXTargetDependency */,
			);
			name = xInsight;
			packageProductDependencies = (
			);
			productName = xInsight;
			productReference = B1665669A15CD01B4A0391FC /* xInsight.app */;
			productType = "com.apple.product-type.application";
		};
/* End PBXNativeTarget section */

/* Begin PBXProject section */
		0DC63951BF50E32016F58037 /* Project object */ = {
			isa = PBXProject;
			attributes = {
				BuildIndependentTargetsInParallel = YES;
				LastUpgradeCheck = 1500;
				TargetAttributes = {
					80E8ABA8CF6D1AE1A79541F3 = {
						DevelopmentTeam = M6C7NX9MUZ;
						ProvisioningStyle = Automatic;
					};
					9B0D002D781C26C6F410D08E = {
						DevelopmentTeam = M6C7NX9MUZ;
						ProvisioningStyle = Automatic;
					};
				};
			};
			buildConfigurationList = E0E3FFE16DD06979CB14957D /* Build configuration list for PBXProject "xInsight" */;
			compatibilityVersion = "Xcode 14.0";
			developmentRegion = en;
			hasScannedForEncodings = 0;
			knownRegions = (
				Base,
				de,
				en,
				es,
				fr,
				ja,
				ko,
				vi,
				"zh-Hans",
			);
			mainGroup = 7B1839EFFFD0F7A54A252866;
			minimizedProjectReferenceProxies = 1;
			preferredProjectObjectVersion = 77;
			projectDirPath = "";
			projectRoot = "";
			targets = (
				9B0D002D781C26C6F410D08E /* xInsight */,
				80E8ABA8CF6D1AE1A79541F3 /* xInsightWidgetExtension */,
			);
		};
/* End PBXProject section */

/* Begin PBXResourcesBuildPhase section */
		F1471817D347F2C642724EAD /* Resources */ = {
			isa = PBXResourcesBuildPhase;
			buildActionMask = 2147483647;
			files = (
				338763D6445200368D26C746 /* Assets.xcassets in Resources */,
				DFE1B1C2845E1496D74F9020 /* LOCALIZATION.md in Resources */,
				B7DE3A0BD36778B5017A8B4B /* Localizable.strings in Resources */,
			);
			runOnlyForDeploymentPostprocessing = 0;
		};
/* End PBXResourcesBuildPhase section */

/* Begin PBXSourcesBuildPhase section */
		F000072A3AF74A6DF4DAA988 /* Sources */ = {
			isa = PBXSourcesBuildPhase;
			buildActionMask = 2147483647;
			files = (
				F79AEF23F6F20E4885ECF8D2 /* WidgetBundle.swift in Sources */,
				37423B9BD68827D254EEF211 /* xInsightWidget.swift in Sources */,
			);
			runOnlyForDeploymentPostprocessing = 0;
		};
		F837E7C90CEB7064307DEE11 /* Sources */ = {
			isa = PBXSourcesBuildPhase;
			buildActionMask = 2147483647;
			files = (
				72C375EFD6E5C65C11576799 /* AnomalyDetector.swift in Sources */,
				EDE37DCFB977D681283886E2 /* AppDelegate.swift in Sources */,
				47405DAD5CAB454B63028692 /* AppUninstaller.swift in Sources */,
				C3AF2C57ED50D81D195D65D6 /* AppleScriptBridge.swift in Sources */,
				0ECB2C2C8A2D515B0172097A /* BatteryHealthTab.swift in Sources */,
				15720E5BB9CC3C89496BFA97 /* BatteryService.swift in Sources */,
				6852DE4AFAAD05080CDEA76A /* BatteryWidgetView.swift in Sources */,
				40E3E1915EF39773748E1FE5 /* BenchmarkTab.swift in Sources */,
				10B840D0B91F7FA00CCE4492 /* CPUDetailTab.swift in Sources */,
				6AC7FEA084B7561679EA5AE4 /* CPUMetrics.swift in Sources */,
				F09345511F566BF0C5F3184E /* CPUWidgetView.swift in Sources */,
				550F373B76D3F6D26C8A0E23 /* CleanupTab.swift in Sources */,
				2CB1D77AF4C7724C97F0682A /* CleanupWidgetView.swift in Sources */,
				A15D4F5D8A28E77A9185E69A /* CommandBar.swift in Sources */,
				06AA93D22A72E61E3BFF47A3 /* ComparisonTab.swift in Sources */,
				47A07708F20113461B7F9F1E /* CorrelationEngine.swift in Sources */,
				615AFC42531C930A69DE3E77 /* CustomAlerts.swift in Sources */,
				7412497423CB9E606ED642DA /* CustomAlertsView.swift in Sources */,
				DBA2BAD51BADCE9D2A462DFA /* DashboardView.swift in Sources */,
				B73CFFD687BF46AC993A6D5E /* DiskCleanup.swift in Sources */,
				49D500D1A5EE15E6790B271D /* DiskDetailTab.swift in Sources */,
				CC7E2D605951F577F99A01F4 /* DiskMetrics.swift in Sources */,
				707B4005C71A0C9B8E3DC4EE /* DiskWidgetView.swift in Sources */,
				17CA5D922266AC890F2FD0A8 /* DockerMonitor.swift in Sources */,
				C4EAA5A45BD329A7C5D6F9AD /* DockerTab.swift in Sources */,
				FD0EE82FA3818AA415D7E8CA /* GPUDetailTab.swift in Sources */,
				13DBEC3717E7E6FCF1C13501 /* GPUMetrics.swift in Sources */,
				F1E168D1621741DD9B527E32 /* GPUWidgetView.swift in Sources */,
				AA3E1F7C59067621F575D5BA /* HardwareInfoTab.swift in Sources */,
				F3DFA884A23020772FA40F38 /* HealthScoreView.swift in Sources */,
				E7FAED88E3FF4A7D8C64BA94 /* HomebrewManager.swift in Sources */,
				EF712FFBD88956769C35933E /* HomebrewTab.swift in Sources */,
				4A46C3E388405F9DA4B6FBE2 /* Insight.swift in Sources */,
				DC11DB993C07863CB9FBF4C7 /* InsightCard.swift in Sources */,
				E475D1657D66C5886A8BCC7C /* InsightEngine.swift in Sources */,
				E08B5C82B0A538482149996B /* InsightRules.swift in Sources */,
				C8688DD3E93610D7ADACD497 /* InsightsTab.swift in Sources */,
				BF0C5A864F02B68BFDBCBB23 /* LargeFilesScanner.swift in Sources */,
				BB7B736DFE4855FEE4BEADCD /* Localization.swift in Sources */,
				170257F9C858C4430CDD68A1 /* MemoryDetailTab.swift in Sources */,
				A52BCF9258D5919D87EB7A00 /* MemoryMetrics.swift in Sources */,
				7A7AD6BFD019C45B4F8B4BD8 /* MemoryWidgetView.swift in Sources */,
				9EDECDD6BD5F71CD10BB8548 /* MenuBarView.swift in Sources */,
				B1F84BA69E7F552DEBA4B4ED /* MetricGauge.swift in Sources */,
				88BB2EC4F3A854F007A5FAAD /* MetricsCollector.swift in Sources */,
				C79C495EAFA800E48CF61114 /* NetworkTrafficMonitor.swift in Sources */,
				60BBB0CED74A13FEBECCF4AF /* NetworkTrafficTab.swift in Sources */,
				1F9666E7495A7796159C4490 /* NetworkWidgetView.swift in Sources */,
				D53407E84CEF319D8E0A3466 /* NotificationService.swift in Sources */,
				C1310B71A76B9F9EB42A3F79 /* OverviewTab.swift in Sources */,
				3DD850F83A76B01FD22BDDFE /* PerformanceBenchmarks.swift in Sources */,
				ECE35207911D2C986C89F80D /* PortMonitor.swift in Sources */,
				A349C302C317BD6116A0BE2B /* PortMonitoringService.swift in Sources */,
				F55BC4ACB8E63DE02608EC04 /* PortWidgetView.swift in Sources */,
				DD8B7541219B66307BCAC272 /* PortsTab.swift in Sources */,
				A55115298FB5CA97B63C1A78 /* ProcessInfo.swift in Sources */,
				5A715040E010981EDD7C5C6C /* ProcessMonitor.swift in Sources */,
				E166DA49E8731E63D91C83CF /* ProcessTimeline.swift in Sources */,
				A0786A341B1FF08ADA04A409 /* ProcessTimelineTab.swift in Sources */,
				E103517B261C66537E6DF932 /* ProcessesTab.swift in Sources */,
				6912A1E69E569ABD0A9F213F /* QueryParser.swift in Sources */,
				FA150AB63DCAD0CC01828A55 /* RealtimeChartView.swift in Sources */,
				B4F83CF57593723CBA763AD8 /* ReportGenerator.swift in Sources */,
				7BB47846C5E451F76297DF90 /* SMCKit.swift in Sources */,
				4182914319734C2EE7B7323E /* ScheduledExports.swift in Sources */,
				F6588BAD70BF1674601D1A58 /* ScheduledReports.swift in Sources */,
				9ACE181811D68A9C4A6F785F /* SecurityScanner.swift in Sources */,
				0907E2E5495B0A693C7A8E0B /* SecurityTab.swift in Sources */,
				9B0FC740CF85B7E97DE7EDAA /* SettingsView.swift in Sources */,
				6F92514181FD9F0BAB4778C0 /* ShortcutsIntegration.swift in Sources */,
				D9CE229A5A3FC616E192833D /* SmartCleanupService.swift in Sources */,
				C3A5B5DF39D6C33C5AE59BE0 /* StartupManager.swift in Sources */,
				52E2D8317A5FA1D6AD400E74 /* StartupManagerTab.swift in Sources */,
				2CFBB97BA7FCB8F30237E78A /* StatusBarController.swift in Sources */,
				42D6FAAFE72011A3C2D8C5DD /* StatusIcon.swift in Sources */,
				B00C3F3B200CC92E8504ACF0 /* SystemHealthScore.swift in Sources */,
				9AE0FE013607C6ACDE989425 /* SystemMetrics.swift in Sources */,
				A7895AFCF3306321F0FD673D /* ThemeManager.swift in Sources */,
				A10F02B0C4AE753CD94BC405 /* ThermalMetrics.swift in Sources */,
				43C43852D495816BB8CD0CD3 /* ThermalTab.swift in Sources */,
				DC351F68C3F6544C2D408DA7 /* TimelineTab.swift in Sources */,
				BC8919B1B5BC7112F57F7FA6 /* ToastNotification.swift in Sources */,
				E5A9B530CDEEF10795FB7E44 /* TrendsTab.swift in Sources */,
				D091F522BFFE40435243A6F7 /* UninstallerTab.swift in Sources */,
				28C382FF94001713F020AD32 /* VersionCheckService.swift in Sources */,
				E663BC65D6B1949720EB858B /* WidgetComponents.swift in Sources */,
				F98B89483803990A64B04DCC /* XExplainEngine.swift in Sources */,
				970B4CFC0C1FFB3A03819D1C /* XInsightWidgetView.swift in Sources */,
				445A58B1DF9A42F8836B8651 /* iCloudSync.swift in Sources */,
				ADCAD07DB1FFC95D02FE8F39 /* xInsightApp.swift in Sources */,
			);
			runOnlyForDeploymentPostprocessing = 0;
		};
/* End PBXSourcesBuildPhase section */

/* Begin PBXTargetDependency section */
		303A31A1B9DFE9AAA7AF4857 /* PBXTargetDependency */ = {
			isa = PBXTargetDependency;
			target = 80E8ABA8CF6D1AE1A79541F3 /* xInsightWidgetExtension */;
			targetProxy = 706AF9D4975277DA63EE2337 /* PBXContainerItemProxy */;
		};
/* End PBXTargetDependency section */

/* Begin PBXVariantGroup section */
		CC52D1E6EFE290226366B54F /* Localizable.strings */ = {
			isa = PBXVariantGroup;
			children = (
				7C363CE622D9BFA49CB6CE6E /* de */,
				8324E60F042418003784DDAD /* en */,
				66B3970C34D464A8BA6BEE71 /* es */,
				E23464AD1E4322D00830E60A /* fr */,
				CBA12494FD6008C45E1EBC45 /* ja */,
				DC7AB3ED0B8AB1BCC13D638E /* ko */,
				8CD56A2849784B7FA8EC5B0E /* vi */,
				B5B8B6CCE64213F86DE7F8D4 /* zh-Hans */,
			);
			name = Localizable.strings;
			sourceTree = "<group>";
		};
/* End PBXVariantGroup section */

/* Begin XCBuildConfiguration section */
		45661769A043F07EF3CE850F /* Release */ = {
			isa = XCBuildConfiguration;
			buildSettings = {
				ALWAYS_SEARCH_USER_PATHS = NO;
				CLANG_ANALYZER_NONNULL = YES;
				CLANG_ANALYZER_NUMBER_OBJECT_CONVERSION = YES_AGGRESSIVE;
				CLANG_CXX_LANGUAGE_STANDARD = "gnu++14";
				CLANG_CXX_LIBRARY = "libc++";
				CLANG_ENABLE_MODULES = YES;
				CLANG_ENABLE_OBJC_ARC = YES;
				CLANG_ENABLE_OBJC_WEAK = YES;
				CLANG_WARN_BLOCK_CAPTURE_AUTORELEASING = YES;
				CLANG_WARN_BOOL_CONVERSION = YES;
				CLANG_WARN_COMMA = YES;
				CLANG_WARN_CONSTANT_CONVERSION = YES;
				CLANG_WARN_DEPRECATED_OBJC_IMPLEMENTATIONS = YES;
				CLANG_WARN_DIRECT_OBJC_ISA_USAGE = YES_ERROR;
				CLANG_WARN_DOCUMENTATION_COMMENTS = YES;
				CLANG_WARN_EMPTY_BODY = YES;
				CLANG_WARN_ENUM_CONVERSION = YES;
				CLANG_WARN_INFINITE_RECURSION = YES;
				CLANG_WARN_INT_CONVERSION = YES;
				CLANG_WARN_NON_LITERAL_NULL_CONVERSION = YES;
				CLANG_WARN_OBJC_IMPLICIT_RETAIN_SELF = YES;
				CLANG_WARN_OBJC_LITERAL_CONVERSION = YES;
				CLANG_WARN_OBJC_ROOT_CLASS = YES_ERROR;
				CLANG_WARN_QUOTED_INCLUDE_IN_FRAMEWORK_HEADER = YES;
				CLANG_WARN_RANGE_LOOP_ANALYSIS = YES;
				CLANG_WARN_STRICT_PROTOTYPES = YES;
				CLANG_WARN_SUSPICIOUS_MOVE = YES;
				CLANG_WARN_UNGUARDED_AVAILABILITY = YES_AGGRESSIVE;
				CLANG_WARN_UNREACHABLE_CODE = YES;
				CLANG_WARN__DUPLICATE_METHOD_MATCH = YES;
				CODE_SIGN_STYLE = Automatic;
				COPY_PHASE_STRIP = NO;
				DEBUG_INFORMATION_FORMAT = "dwarf-with-dsym";
				DEVELOPMENT_TEAM = M6C7NX9MUZ;
				ENABLE_NS_ASSERTIONS = NO;
				ENABLE_STRICT_OBJC_MSGSEND = YES;
				GCC_C_LANGUAGE_STANDARD = gnu11;
				GCC_NO_COMMON_BLOCKS = YES;
				GCC_WARN_64_TO_32_BIT_CONVERSION = YES;
				GCC_WARN_ABOUT_RETURN_TYPE = YES_ERROR;
				GCC_WARN_UNDECLARED_SELECTOR = YES;
				GCC_WARN_UNINITIALIZED_AUTOS = YES_AGGRESSIVE;
				GCC_WARN_UNUSED_FUNCTION = YES;
				GCC_WARN_UNUSED_VARIABLE = YES;
				MACOSX_DEPLOYMENT_TARGET = 14.0;
				MTL_ENABLE_DEBUG_INFO = NO;
				MTL_FAST_MATH = YES;
				PRODUCT_NAME = "$(TARGET_NAME)";
				SDKROOT = macosx;
				SWIFT_COMPILATION_MODE = wholemodule;
				SWIFT_OPTIMIZATION_LEVEL = "-O";
				SWIFT_VERSION = 5.0;
			};
			name = Release;
		};
		4AB47519BB5EAE0CBEB1E8EB /* Release */ = {
			isa = XCBuildConfiguration;
			buildSettings = {
				ASSETCATALOG_COMPILER_WIDGET_BACKGROUND_COLOR_NAME = WidgetBackground;
				CODE_SIGN_ENTITLEMENTS = xInsightWidget/xInsightWidget.entitlements;
				COMBINE_HIDPI_IMAGES = YES;
				INFOPLIST_FILE = xInsightWidget/Info.plist;
				INFOPLIST_KEY_CFBundleDisplayName = "xInsight Widgets";
				LD_RUNPATH_SEARCH_PATHS = (
					"$(inherited)",
					"@executable_path/../Frameworks",
					"@executable_path/../../../../Frameworks",
				);
				PRODUCT_BUNDLE_IDENTIFIER = asia.xdev.xInsight.widget;
				SDKROOT = macosx;
				SKIP_INSTALL = YES;
			};
			name = Release;
		};
		51F2E12801D282A97D826DFF /* Debug */ = {
			isa = XCBuildConfiguration;
			buildSettings = {
				ALWAYS_SEARCH_USER_PATHS = NO;
				CLANG_ANALYZER_NONNULL = YES;
				CLANG_ANALYZER_NUMBER_OBJECT_CONVERSION = YES_AGGRESSIVE;
				CLANG_CXX_LANGUAGE_STANDARD = "gnu++14";
				CLANG_CXX_LIBRARY = "libc++";
				CLANG_ENABLE_MODULES = YES;
				CLANG_ENABLE_OBJC_ARC = YES;
				CLANG_ENABLE_OBJC_WEAK = YES;
				CLANG_WARN_BLOCK_CAPTURE_AUTORELEASING = YES;
				CLANG_WARN_BOOL_CONVERSION = YES;
				CLANG_WARN_COMMA = YES;
				CLANG_WARN_CONSTANT_CONVERSION = YES;
				CLANG_WARN_DEPRECATED_OBJC_IMPLEMENTATIONS = YES;
				CLANG_WARN_DIRECT_OBJC_ISA_USAGE = YES_ERROR;
				CLANG_WARN_DOCUMENTATION_COMMENTS = YES;
				CLANG_WARN_EMPTY_BODY = YES;
				CLANG_WARN_ENUM_CONVERSION = YES;
				CLANG_WARN_INFINITE_RECURSION = YES;
				CLANG_WARN_INT_CONVERSION = YES;
				CLANG_WARN_NON_LITERAL_NULL_CONVERSION = YES;
				CLANG_WARN_OBJC_IMPLICIT_RETAIN_SELF = YES;
				CLANG_WARN_OBJC_LITERAL_CONVERSION = YES;
				CLANG_WARN_OBJC_ROOT_CLASS = YES_ERROR;
				CLANG_WARN_QUOTED_INCLUDE_IN_FRAMEWORK_HEADER = YES;
				CLANG_WARN_RANGE_LOOP_ANALYSIS = YES;
				CLANG_WARN_STRICT_PROTOTYPES = YES;
				CLANG_WARN_SUSPICIOUS_MOVE = YES;
				CLANG_WARN_UNGUARDED_AVAILABILITY = YES_AGGRESSIVE;
				CLANG_WARN_UNREACHABLE_CODE = YES;
				CLANG_WARN__DUPLICATE_METHOD_MATCH = YES;
				CODE_SIGN_STYLE = Automatic;
				COPY_PHASE_STRIP = NO;
				DEBUG_INFORMATION_FORMAT = dwarf;
				DEVELOPMENT_TEAM = M6C7NX9MUZ;
				ENABLE_STRICT_OBJC_MSGSEND = YES;
				ENABLE_TESTABILITY = YES;
				GCC_C_LANGUAGE_STANDARD = gnu11;
				GCC_DYNAMIC_NO_PIC = NO;
				GCC_NO_COMMON_BLOCKS = YES;
				GCC_OPTIMIZATION_LEVEL = 0;
				GCC_PREPROCESSOR_DEFINITIONS = (
					"$(inherited)",
					"DEBUG=1",
				);
				GCC_WARN_64_TO_32_BIT_CONVERSION = YES;
				GCC_WARN_ABOUT_RETURN_TYPE = YES_ERROR;
				GCC_WARN_UNDECLARED_SELECTOR = YES;
				GCC_WARN_UNINITIALIZED_AUTOS = YES_AGGRESSIVE;
				GCC_WARN_UNUSED_FUNCTION = YES;
				GCC_WARN_UNUSED_VARIABLE = YES;
				MACOSX_DEPLOYMENT_TARGET = 14.0;
				MTL_ENABLE_DEBUG_INFO = INCLUDE_SOURCE;
				MTL_FAST_MATH = YES;
				ONLY_ACTIVE_ARCH = YES;
				PRODUCT_NAME = "$(TARGET_NAME)";
				SDKROOT = macosx;
				SWIFT_ACTIVE_COMPILATION_CONDITIONS = DEBUG;
				SWIFT_OPTIMIZATION_LEVEL = "-Onone";
				SWIFT_VERSION = 5.0;
			};
			name = Debug;
		};
		8ABFC890319E32D0DDC35210 /* Release */ = {
			isa = XCBuildConfiguration;
			buildSettings = {
				ASSETCATALOG_COMPILER_APPICON_NAME = AppIcon;
				CODE_SIGN_ENTITLEMENTS = xInsight/xInsight.entitlements;
				COMBINE_HIDPI_IMAGES = YES;
				GENERATE_INFOPLIST_FILE = YES;
				INFOPLIST_KEY_LSApplicationCategoryType = "public.app-category.utilities";
				INFOPLIST_KEY_LSUIElement = NO;
				LD_RUNPATH_SEARCH_PATHS = (
					"$(inherited)",
					"@executable_path/../Frameworks",
				);
				PRODUCT_BUNDLE_IDENTIFIER = asia.xdev.xInsight;
				SDKROOT = macosx;
			};
			name = Release;
		};
		93994246998CC67A03B2C210 /* Debug */ = {
			isa = XCBuildConfiguration;
			buildSettings = {
				ASSETCATALOG_COMPILER_APPICON_NAME = AppIcon;
				CODE_SIGN_ENTITLEMENTS = xInsight/xInsight.entitlements;
				COMBINE_HIDPI_IMAGES = YES;
				GENERATE_INFOPLIST_FILE = YES;
				INFOPLIST_KEY_LSApplicationCategoryType = "public.app-category.utilities";
				INFOPLIST_KEY_LSUIElement = NO;
				LD_RUNPATH_SEARCH_PATHS = (
					"$(inherited)",
					"@executable_path/../Frameworks",
				);
				PRODUCT_BUNDLE_IDENTIFIER = asia.xdev.xInsight;
				SDKROOT = macosx;
			};
			name = Debug;
		};
		D3047947933FF6DD2AC0BE58 /* Debug */ = {
			isa = XCBuildConfiguration;
			buildSettings = {
				ASSETCATALOG_COMPILER_WIDGET_BACKGROUND_COLOR_NAME = WidgetBackground;
				CODE_SIGN_ENTITLEMENTS = xInsightWidget/xInsightWidget.entitlements;
				COMBINE_HIDPI_IMAGES = YES;
				INFOPLIST_FILE = xInsightWidget/Info.plist;
				INFOPLIST_KEY_CFBundleDisplayName = "xInsight Widgets";
				LD_RUNPATH_SEARCH_PATHS = (
					"$(inherited)",
					"@executable_path/../Frameworks",
					"@executable_path/../../../../Frameworks",
				);
				PRODUCT_BUNDLE_IDENTIFIER = asia.xdev.xInsight.widget;
				SDKROOT = macosx;
				SKIP_INSTALL = YES;
			};
			name = Debug;
		};
/* End XCBuildConfiguration section */

/* Begin XCConfigurationList section */
		34DCBF2FF659D507946CD17B /* Build configuration list for PBXNativeTarget "xInsightWidgetExtension" */ = {
			isa = XCConfigurationList;
			buildConfigurations = (
				D3047947933FF6DD2AC0BE58 /* Debug */,
				4AB47519BB5EAE0CBEB1E8EB /* Release */,
			);
			defaultConfigurationIsVisible = 0;
			defaultConfigurationName = Debug;
		};
		57694895C9AD64AE50A1AEAF /* Build configuration list for PBXNativeTarget "xInsight" */ = {
			isa = XCConfigurationList;
			buildConfigurations = (
				93994246998CC67A03B2C210 /* Debug */,
				8ABFC890319E32D0DDC35210 /* Release */,
			);
			defaultConfigurationIsVisible = 0;
			defaultConfigurationName = Debug;
		};
		E0E3FFE16DD06979CB14957D /* Build configuration list for PBXProject "xInsight" */ = {
			isa = XCConfigurationList;
			buildConfigurations = (
				51F2E12801D282A97D826DFF /* Debug */,
				45661769A043F07EF3CE850F /* Release */,
			);
			defaultConfigurationIsVisible = 0;
			defaultConfigurationName = Debug;
		};
/* End XCConfigurationList section */
	};
	rootObject = 0DC63951BF50E32016F58037 /* Project object */;
}
